<Solution>
  <Folder Name="/src/">
    <Project Path="src/LabTask.Application/LabTask.Application.csproj" Id="a01339fe-a3ec-4db4-b698-d6d4f9bb7278" />
    <Project Path="src/LabTask.Domain/LabTask.Domain.csproj" Id="4c67ad37-37a9-47b5-8e7b-872c6c2192e0" />
    <Project Path="src/LabTask.Infrastructure/LabTask.Infrastructure.csproj" Id="f75cae3a-a4d9-4960-9c99-541ccc794554" />
  </Folder>
  <Folder Name="/src/API/">
    <Project Path="src/API/LabTask.API/LabTask.API.csproj" />
    <Project Path="src/API/LabTask.UserAPI/LabTask.UserAPI.csproj" Id="1168024b-4134-4b61-98e5-672f8b96f126" />
  </Folder>
</Solution>
